{
  "pins" : [
    {
      "identity" : "purchases-ios",
      "kind" : "remoteSourceControl",
      "location" : "https://github.com/RevenueCat/purchases-ios.git",
      "state" : {
        "revision" : "bd63241b2258ea519020eb32a349db44fb44b119",
        "version" : "5.68.0"
      }
    }
  ],
  "version" : 2
}
